// !$*UTF8*$!
{
	archiveVersion = 1;
	classes = {
	};
	objectVersion = 46;
	objects = {

/* Begin PBXBuildFile section */
		0308ABDB18D676ED00AB4C54 /* Localizable.strings in Resources */ = {isa = PBXBuildFile; fileRef = 0308ABD918D676ED00AB4C54 /* Localizable.strings */; };
		0308B3242504BFC80090D507 /* NSMenuItem+ItemCreation.m in Sources */ = {isa = PBXBuildFile; fileRef = 0308B3232504BFC80090D507 /* NSMenuItem+ItemCreation.m */; };
		0308B32F250D95590090D507 /* FMDB.framework in Frameworks */ = {isa = PBXBuildFile; fileRef = 0308B32C250D950B0090D507 /* FMDB.framework */; };
		0308B330250D95590090D507 /* FMDB.framework in CopyFiles */ = {isa = PBXBuildFile; fileRef = 0308B32C250D950B0090D507 /* FMDB.framework */; settings = {ATTRIBUTES = (CodeSignOnCopy, RemoveHeadersOnCopy, ); }; };
		0308B331250D955C0090D507 /* Sparkle.framework in Frameworks */ = {isa = PBXBuildFile; fileRef = 0308B32B250D950B0090D507 /* Sparkle.framework */; };
		0308B332250D955C0090D507 /* Sparkle.framework in CopyFiles */ = {isa = PBXBuildFile; fileRef = 0308B32B250D950B0090D507 /* Sparkle.framework */; settings = {ATTRIBUTES = (CodeSignOnCopy, RemoveHeadersOnCopy, ); }; };
		0308B336250DDFD10090D507 /* NSData+ZlibInflate.m in Sources */ = {isa = PBXBuildFile; fileRef = 0308B335250DDFD10090D507 /* NSData+ZlibInflate.m */; };
		0308B338250DE0DC0090D507 /* libz.tbd in Frameworks */ = {isa = PBXBuildFile; fileRef = 0308B337250DE0D30090D507 /* libz.tbd */; };
		0308B348250E49240090D507 /* CHCSVParser.m in Sources */ = {isa = PBXBuildFile; fileRef = 0308B346250E49240090D507 /* CHCSVParser.m */; };
		0308B34B250E49470090D507 /* JPTabCSVExporter.m in Sources */ = {isa = PBXBuildFile; fileRef = 0308B34A250E49470090D507 /* JPTabCSVExporter.m */; };
		030D99822172BBAB00A9DE75 /* JPLoadingMenuItem.m in Sources */ = {isa = PBXBuildFile; fileRef = 030D99802172BBAA00A9DE75 /* JPLoadingMenuItem.m */; };
		030D99852172BBFD00A9DE75 /* JPReadingListReader.m in Sources */ = {isa = PBXBuildFile; fileRef = 030D99832172BBFD00A9DE75 /* JPReadingListReader.m */; };
		03120E52202FE2F300BE3891 /* JPUserDefaultsController.m in Sources */ = {isa = PBXBuildFile; fileRef = 03120E51202FE2F300BE3891 /* JPUserDefaultsController.m */; };
		03225D4C18C6A40D000778DF /* JPLaunchAtLoginManager.m in Sources */ = {isa = PBXBuildFile; fileRef = 0375994118C5F967000E8C33 /* JPLaunchAtLoginManager.m */; };
		03225D5418C6AA5A000778DF /* DSFavIconCache.m in Sources */ = {isa = PBXBuildFile; fileRef = 03225D4E18C6AA5A000778DF /* DSFavIconCache.m */; };
		03225D5518C6AA5A000778DF /* DSFavIconManager.m in Sources */ = {isa = PBXBuildFile; fileRef = 03225D5018C6AA5A000778DF /* DSFavIconManager.m */; };
		03225D5618C6AA5A000778DF /* DSFavIconOperation.m in Sources */ = {isa = PBXBuildFile; fileRef = 03225D5218C6AA5A000778DF /* DSFavIconOperation.m */; };
		03225D5E18C6B18A000778DF /* dsa_pub.pem in Resources */ = {isa = PBXBuildFile; fileRef = 03225D5D18C6B18A000778DF /* dsa_pub.pem */; };
		0350635A24FB233300E71269 /* AppDelegate.m in Sources */ = {isa = PBXBuildFile; fileRef = 0350635924FB233300E71269 /* AppDelegate.m */; };
		0350636224FB233500E71269 /* main.m in Sources */ = {isa = PBXBuildFile; fileRef = 0350636124FB233500E71269 /* main.m */; };
		0350636824FB23BB00E71269 /* CloudyTabsHelper.app in CopyFiles */ = {isa = PBXBuildFile; fileRef = 0350635624FB233200E71269 /* CloudyTabsHelper.app */; settings = {ATTRIBUTES = (RemoveHeadersOnCopy, ); }; };
		0350636B24FB245700E71269 /* NSBundle+ApplicationPath.m in Sources */ = {isa = PBXBuildFile; fileRef = 0350636A24FB245700E71269 /* NSBundle+ApplicationPath.m */; };
		0350636D24FB29BB00E71269 /* ServiceManagement.framework in Frameworks */ = {isa = PBXBuildFile; fileRef = 0350636C24FB29BB00E71269 /* ServiceManagement.framework */; };
		0350637124FB398600E71269 /* JPCloudTabsDBReader.m in Sources */ = {isa = PBXBuildFile; fileRef = 0350636F24FB360900E71269 /* JPCloudTabsDBReader.m */; };
		03648D7D1FA4434B004D3078 /* NSURL+Extensions.m in Sources */ = {isa = PBXBuildFile; fileRef = 03648D7C1FA4434B004D3078 /* NSURL+Extensions.m */; };
		03648D851FA445FA004D3078 /* CloudyTabsTests.m in Sources */ = {isa = PBXBuildFile; fileRef = 03648D841FA445FA004D3078 /* CloudyTabsTests.m */; };
		03648D8D1FA44629004D3078 /* NSURL+DecodeTests.m in Sources */ = {isa = PBXBuildFile; fileRef = 03648D8C1FA44629004D3078 /* NSURL+DecodeTests.m */; };
		0375994218C5F967000E8C33 /* JPAppDelegate.m in Sources */ = {isa = PBXBuildFile; fileRef = 0375993F18C5F967000E8C33 /* JPAppDelegate.m */; };
		03977FD318C3F98A00DC499C /* Cocoa.framework in Frameworks */ = {isa = PBXBuildFile; fileRef = 03977FD218C3F98A00DC499C /* Cocoa.framework */; };
		03977FDD18C3F98A00DC499C /* InfoPlist.strings in Resources */ = {isa = PBXBuildFile; fileRef = 03977FDB18C3F98A00DC499C /* InfoPlist.strings */; };
		03977FDF18C3F98A00DC499C /* main.m in Sources */ = {isa = PBXBuildFile; fileRef = 03977FDE18C3F98A00DC499C /* main.m */; };
		03977FEB18C3F98A00DC499C /* Images.xcassets in Resources */ = {isa = PBXBuildFile; fileRef = 03977FEA18C3F98A00DC499C /* Images.xcassets */; };
		0397802318C590F700DC499C /* CoreServices.framework in Frameworks */ = {isa = PBXBuildFile; fileRef = 0397802218C590F700DC499C /* CoreServices.framework */; };
		039C6EAC1F935D2E00C3B3E1 /* VDKQueue.m in Sources */ = {isa = PBXBuildFile; fileRef = 039C6EAB1F935CE900C3B3E1 /* VDKQueue.m */; };
/* End PBXBuildFile section */

/* Begin PBXContainerItemProxy section */
		03648D871FA445FA004D3078 /* PBXContainerItemProxy */ = {
			isa = PBXContainerItemProxy;
			containerPortal = 03977FC718C3F98A00DC499C /* Project object */;
			proxyType = 1;
			remoteGlobalIDString = 03977FCE18C3F98A00DC499C;
			remoteInfo = CloudyTabs;
		};
/* End PBXContainerItemProxy section */

/* Begin PBXCopyFilesBuildPhase section */
		03225D4A18C5FED1000778DF /* CopyFiles */ = {
			isa = PBXCopyFilesBuildPhase;
			buildActionMask = 2147483647;
			dstPath = "";
			dstSubfolderSpec = 10;
			files = (
				0308B330250D95590090D507 /* FMDB.framework in CopyFiles */,
				0308B332250D955C0090D507 /* Sparkle.framework in CopyFiles */,
			);
			runOnlyForDeploymentPostprocessing = 0;
		};
		0350636724FB239D00E71269 /* CopyFiles */ = {
			isa = PBXCopyFilesBuildPhase;
			buildActionMask = 2147483647;
			dstPath = Contents/Library/LoginItems;
			dstSubfolderSpec = 1;
			files = (
				0350636824FB23BB00E71269 /* CloudyTabsHelper.app in CopyFiles */,
			);
			runOnlyForDeploymentPostprocessing = 0;
		};
/* End PBXCopyFilesBuildPhase section */

/* Begin PBXFileReference section */
		0308ABDA18D676ED00AB4C54 /* en */ = {isa = PBXFileReference; lastKnownFileType = text.plist.strings; name = en; path = en.lproj/Localizable.strings; sourceTree = "<group>"; };
		0308ABDC18D67A1300AB4C54 /* fr */ = {isa = PBXFileReference; lastKnownFileType = text.plist.strings; name = fr; path = fr.lproj/Localizable.strings; sourceTree = "<group>"; };
		0308B3222504BFC80090D507 /* NSMenuItem+ItemCreation.h */ = {isa = PBXFileReference; lastKnownFileType = sourcecode.c.h; path = "NSMenuItem+ItemCreation.h"; sourceTree = "<group>"; };
		0308B3232504BFC80090D507 /* NSMenuItem+ItemCreation.m */ = {isa = PBXFileReference; lastKnownFileType = sourcecode.c.objc; path = "NSMenuItem+ItemCreation.m"; sourceTree = "<group>"; };
		0308B32B250D950B0090D507 /* Sparkle.framework */ = {isa = PBXFileReference; lastKnownFileType = wrapper.framework; name = Sparkle.framework; path = Carthage/Build/Mac/Sparkle.framework; sourceTree = "<group>"; };
		0308B32C250D950B0090D507 /* FMDB.framework */ = {isa = PBXFileReference; lastKnownFileType = wrapper.framework; name = FMDB.framework; path = Carthage/Build/Mac/FMDB.framework; sourceTree = "<group>"; };
		0308B334250DDFD10090D507 /* NSData+ZlibInflate.h */ = {isa = PBXFileReference; lastKnownFileType = sourcecode.c.h; path = "NSData+ZlibInflate.h"; sourceTree = "<group>"; };
		0308B335250DDFD10090D507 /* NSData+ZlibInflate.m */ = {isa = PBXFileReference; lastKnownFileType = sourcecode.c.objc; path = "NSData+ZlibInflate.m"; sourceTree = "<group>"; };
		0308B337250DE0D30090D507 /* libz.tbd */ = {isa = PBXFileReference; lastKnownFileType = "sourcecode.text-based-dylib-definition"; name = libz.tbd; path = usr/lib/libz.tbd; sourceTree = SDKROOT; };
		0308B345250E49240090D507 /* CHCSVParser.h */ = {isa = PBXFileReference; fileEncoding = 4; lastKnownFileType = sourcecode.c.h; path = CHCSVParser.h; sourceTree = "<group>"; };
		0308B346250E49240090D507 /* CHCSVParser.m */ = {isa = PBXFileReference; fileEncoding = 4; lastKnownFileType = sourcecode.c.objc; path = CHCSVParser.m; sourceTree = "<group>"; };
		0308B349250E49470090D507 /* JPTabCSVExporter.h */ = {isa = PBXFileReference; lastKnownFileType = sourcecode.c.h; path = JPTabCSVExporter.h; sourceTree = "<group>"; };
		0308B34A250E49470090D507 /* JPTabCSVExporter.m */ = {isa = PBXFileReference; lastKnownFileType = sourcecode.c.objc; path = JPTabCSVExporter.m; sourceTree = "<group>"; };
		030D99802172BBAA00A9DE75 /* JPLoadingMenuItem.m */ = {isa = PBXFileReference; fileEncoding = 4; lastKnownFileType = sourcecode.c.objc; path = JPLoadingMenuItem.m; sourceTree = "<group>"; };
		030D99812172BBAA00A9DE75 /* JPLoadingMenuItem.h */ = {isa = PBXFileReference; fileEncoding = 4; lastKnownFileType = sourcecode.c.h; path = JPLoadingMenuItem.h; sourceTree = "<group>"; };
		030D99832172BBFD00A9DE75 /* JPReadingListReader.m */ = {isa = PBXFileReference; fileEncoding = 4; lastKnownFileType = sourcecode.c.objc; path = JPReadingListReader.m; sourceTree = "<group>"; };
		030D99842172BBFD00A9DE75 /* JPReadingListReader.h */ = {isa = PBXFileReference; fileEncoding = 4; lastKnownFileType = sourcecode.c.h; path = JPReadingListReader.h; sourceTree = "<group>"; };
		030F11BB18E3958C00B2DFB0 /* pt_BR */ = {isa = PBXFileReference; lastKnownFileType = text.plist.strings; name = pt_BR; path = pt_BR.lproj/Localizable.strings; sourceTree = "<group>"; };
		030F11BC18E3959100B2DFB0 /* pt_BR */ = {isa = PBXFileReference; lastKnownFileType = text.plist.strings; name = pt_BR; path = pt_BR.lproj/InfoPlist.strings; sourceTree = "<group>"; };
		03120E50202FE2F300BE3891 /* JPUserDefaultsController.h */ = {isa = PBXFileReference; lastKnownFileType = sourcecode.c.h; path = JPUserDefaultsController.h; sourceTree = "<group>"; };
		03120E51202FE2F300BE3891 /* JPUserDefaultsController.m */ = {isa = PBXFileReference; lastKnownFileType = sourcecode.c.objc; path = JPUserDefaultsController.m; sourceTree = "<group>"; };
		0319CFB118D67AF70007A9FF /* de */ = {isa = PBXFileReference; lastKnownFileType = text.plist.strings; name = de; path = de.lproj/Localizable.strings; sourceTree = "<group>"; };
		0319CFB218D67B080007A9FF /* fr */ = {isa = PBXFileReference; lastKnownFileType = text.plist.strings; name = fr; path = fr.lproj/InfoPlist.strings; sourceTree = "<group>"; };
		0319CFB318D67B110007A9FF /* de */ = {isa = PBXFileReference; lastKnownFileType = text.plist.strings; name = de; path = de.lproj/InfoPlist.strings; sourceTree = "<group>"; };
		03225D4D18C6AA5A000778DF /* DSFavIconCache.h */ = {isa = PBXFileReference; fileEncoding = 4; lastKnownFileType = sourcecode.c.h; name = DSFavIconCache.h; path = DSFavIconManager/Classes/DSFavIconCache.h; sourceTree = "<group>"; };
		03225D4E18C6AA5A000778DF /* DSFavIconCache.m */ = {isa = PBXFileReference; fileEncoding = 4; lastKnownFileType = sourcecode.c.objc; name = DSFavIconCache.m; path = DSFavIconManager/Classes/DSFavIconCache.m; sourceTree = "<group>"; };
		03225D4F18C6AA5A000778DF /* DSFavIconManager.h */ = {isa = PBXFileReference; fileEncoding = 4; lastKnownFileType = sourcecode.c.h; name = DSFavIconManager.h; path = DSFavIconManager/Classes/DSFavIconManager.h; sourceTree = "<group>"; };
		03225D5018C6AA5A000778DF /* DSFavIconManager.m */ = {isa = PBXFileReference; fileEncoding = 4; lastKnownFileType = sourcecode.c.objc; name = DSFavIconManager.m; path = DSFavIconManager/Classes/DSFavIconManager.m; sourceTree = "<group>"; };
		03225D5118C6AA5A000778DF /* DSFavIconOperation.h */ = {isa = PBXFileReference; fileEncoding = 4; lastKnownFileType = sourcecode.c.h; name = DSFavIconOperation.h; path = DSFavIconManager/Classes/DSFavIconOperation.h; sourceTree = "<group>"; };
		03225D5218C6AA5A000778DF /* DSFavIconOperation.m */ = {isa = PBXFileReference; fileEncoding = 4; lastKnownFileType = sourcecode.c.objc; name = DSFavIconOperation.m; path = DSFavIconManager/Classes/DSFavIconOperation.m; sourceTree = "<group>"; };
		03225D5318C6AA5A000778DF /* UINSImage.h */ = {isa = PBXFileReference; fileEncoding = 4; lastKnownFileType = sourcecode.c.h; name = UINSImage.h; path = DSFavIconManager/Classes/UINSImage.h; sourceTree = "<group>"; };
		03225D5D18C6B18A000778DF /* dsa_pub.pem */ = {isa = PBXFileReference; fileEncoding = 4; lastKnownFileType = text; path = dsa_pub.pem; sourceTree = "<group>"; };
		0350635624FB233200E71269 /* CloudyTabsHelper.app */ = {isa = PBXFileReference; explicitFileType = wrapper.application; includeInIndex = 0; path = CloudyTabsHelper.app; sourceTree = BUILT_PRODUCTS_DIR; };
		0350635824FB233200E71269 /* AppDelegate.h */ = {isa = PBXFileReference; lastKnownFileType = sourcecode.c.h; path = AppDelegate.h; sourceTree = "<group>"; };
		0350635924FB233300E71269 /* AppDelegate.m */ = {isa = PBXFileReference; lastKnownFileType = sourcecode.c.objc; path = AppDelegate.m; sourceTree = "<group>"; };
		0350636024FB233500E71269 /* Info.plist */ = {isa = PBXFileReference; lastKnownFileType = text.plist.xml; path = Info.plist; sourceTree = "<group>"; };
		0350636124FB233500E71269 /* main.m */ = {isa = PBXFileReference; lastKnownFileType = sourcecode.c.objc; path = main.m; sourceTree = "<group>"; };
		0350636324FB233500E71269 /* CloudyTabsHelper.entitlements */ = {isa = PBXFileReference; lastKnownFileType = text.plist.entitlements; path = CloudyTabsHelper.entitlements; sourceTree = "<group>"; };
		0350636924FB245700E71269 /* NSBundle+ApplicationPath.h */ = {isa = PBXFileReference; lastKnownFileType = sourcecode.c.h; path = "NSBundle+ApplicationPath.h"; sourceTree = "<group>"; };
		0350636A24FB245700E71269 /* NSBundle+ApplicationPath.m */ = {isa = PBXFileReference; lastKnownFileType = sourcecode.c.objc; path = "NSBundle+ApplicationPath.m"; sourceTree = "<group>"; };
		0350636C24FB29BB00E71269 /* ServiceManagement.framework */ = {isa = PBXFileReference; lastKnownFileType = wrapper.framework; name = ServiceManagement.framework; path = System/Library/Frameworks/ServiceManagement.framework; sourceTree = SDKROOT; };
		0350636E24FB360100E71269 /* JPCloudTabsDBReader.h */ = {isa = PBXFileReference; lastKnownFileType = sourcecode.c.h; path = JPCloudTabsDBReader.h; sourceTree = "<group>"; };
		0350636F24FB360900E71269 /* JPCloudTabsDBReader.m */ = {isa = PBXFileReference; lastKnownFileType = sourcecode.c.objc; path = JPCloudTabsDBReader.m; sourceTree = "<group>"; };
		03648D7B1FA4434B004D3078 /* NSURL+Extensions.h */ = {isa = PBXFileReference; lastKnownFileType = sourcecode.c.h; path = "NSURL+Extensions.h"; sourceTree = "<group>"; };
		03648D7C1FA4434B004D3078 /* NSURL+Extensions.m */ = {isa = PBXFileReference; lastKnownFileType = sourcecode.c.objc; path = "NSURL+Extensions.m"; sourceTree = "<group>"; };
		03648D821FA445FA004D3078 /* CloudyTabsTests.xctest */ = {isa = PBXFileReference; explicitFileType = wrapper.cfbundle; includeInIndex = 0; path = CloudyTabsTests.xctest; sourceTree = BUILT_PRODUCTS_DIR; };
		03648D841FA445FA004D3078 /* CloudyTabsTests.m */ = {isa = PBXFileReference; lastKnownFileType = sourcecode.c.objc; path = CloudyTabsTests.m; sourceTree = "<group>"; };
		03648D861FA445FA004D3078 /* Info.plist */ = {isa = PBXFileReference; lastKnownFileType = text.plist.xml; path = Info.plist; sourceTree = "<group>"; };
		03648D8C1FA44629004D3078 /* NSURL+DecodeTests.m */ = {isa = PBXFileReference; fileEncoding = 4; lastKnownFileType = sourcecode.c.objc; path = "NSURL+DecodeTests.m"; sourceTree = "<group>"; };
		0375993E18C5F967000E8C33 /* JPAppDelegate.h */ = {isa = PBXFileReference; fileEncoding = 4; lastKnownFileType = sourcecode.c.h; path = JPAppDelegate.h; sourceTree = "<group>"; };
		0375993F18C5F967000E8C33 /* JPAppDelegate.m */ = {isa = PBXFileReference; fileEncoding = 4; lastKnownFileType = sourcecode.c.objc; path = JPAppDelegate.m; sourceTree = "<group>"; };
		0375994018C5F967000E8C33 /* JPLaunchAtLoginManager.h */ = {isa = PBXFileReference; fileEncoding = 4; lastKnownFileType = sourcecode.c.h; path = JPLaunchAtLoginManager.h; sourceTree = "<group>"; };
		0375994118C5F967000E8C33 /* JPLaunchAtLoginManager.m */ = {isa = PBXFileReference; fileEncoding = 4; lastKnownFileType = sourcecode.c.objc; path = JPLaunchAtLoginManager.m; sourceTree = "<group>"; };
		03822D4418DA61D20065F586 /* nl */ = {isa = PBXFileReference; lastKnownFileType = text.plist.strings; name = nl; path = nl.lproj/Localizable.strings; sourceTree = "<group>"; };
		03822D4518DA61D70065F586 /* nl */ = {isa = PBXFileReference; lastKnownFileType = text.plist.strings; name = nl; path = nl.lproj/InfoPlist.strings; sourceTree = "<group>"; };
		03822D4618DA62010065F586 /* es */ = {isa = PBXFileReference; lastKnownFileType = text.plist.strings; name = es; path = es.lproj/Localizable.strings; sourceTree = "<group>"; };
		03822D4718DA62050065F586 /* es */ = {isa = PBXFileReference; lastKnownFileType = text.plist.strings; name = es; path = es.lproj/InfoPlist.strings; sourceTree = "<group>"; };
		03822D4818DA62400065F586 /* ca */ = {isa = PBXFileReference; lastKnownFileType = text.plist.strings; name = ca; path = ca.lproj/Localizable.strings; sourceTree = "<group>"; };
		03822D4918DA62440065F586 /* ca */ = {isa = PBXFileReference; lastKnownFileType = text.plist.strings; name = ca; path = ca.lproj/InfoPlist.strings; sourceTree = "<group>"; };
		03822D4A18DA62880065F586 /* zh_CN */ = {isa = PBXFileReference; lastKnownFileType = text.plist.strings; name = zh_CN; path = zh_CN.lproj/Localizable.strings; sourceTree = "<group>"; };
		03822D4B18DA62950065F586 /* zh_CN */ = {isa = PBXFileReference; lastKnownFileType = text.plist.strings; name = zh_CN; path = zh_CN.lproj/InfoPlist.strings; sourceTree = "<group>"; };
		03822D4C18DA62B90065F586 /* zh_TW */ = {isa = PBXFileReference; lastKnownFileType = text.plist.strings; name = zh_TW; path = zh_TW.lproj/Localizable.strings; sourceTree = "<group>"; };
		03822D4D18DA62BD0065F586 /* zh_TW */ = {isa = PBXFileReference; lastKnownFileType = text.plist.strings; name = zh_TW; path = zh_TW.lproj/InfoPlist.strings; sourceTree = "<group>"; };
		03822D4E18DA873E0065F586 /* it */ = {isa = PBXFileReference; lastKnownFileType = text.plist.strings; name = it; path = it.lproj/Localizable.strings; sourceTree = "<group>"; };
		03822D4F18DA87420065F586 /* it */ = {isa = PBXFileReference; lastKnownFileType = text.plist.strings; name = it; path = it.lproj/InfoPlist.strings; sourceTree = "<group>"; };
		03977FCF18C3F98A00DC499C /* CloudyTabs.app */ = {isa = PBXFileReference; explicitFileType = wrapper.application; includeInIndex = 0; path = CloudyTabs.app; sourceTree = BUILT_PRODUCTS_DIR; };
		03977FD218C3F98A00DC499C /* Cocoa.framework */ = {isa = PBXFileReference; lastKnownFileType = wrapper.framework; name = Cocoa.framework; path = System/Library/Frameworks/Cocoa.framework; sourceTree = SDKROOT; };
		03977FD518C3F98A00DC499C /* AppKit.framework */ = {isa = PBXFileReference; lastKnownFileType = wrapper.framework; name = AppKit.framework; path = System/Library/Frameworks/AppKit.framework; sourceTree = SDKROOT; };
		03977FD618C3F98A00DC499C /* CoreData.framework */ = {isa = PBXFileReference; lastKnownFileType = wrapper.framework; name = CoreData.framework; path = System/Library/Frameworks/CoreData.framework; sourceTree = SDKROOT; };
		03977FD718C3F98A00DC499C /* Foundation.framework */ = {isa = PBXFileReference; lastKnownFileType = wrapper.framework; name = Foundation.framework; path = System/Library/Frameworks/Foundation.framework; sourceTree = SDKROOT; };
		03977FDA18C3F98A00DC499C /* CloudyTabs-Info.plist */ = {isa = PBXFileReference; lastKnownFileType = text.plist.xml; path = "CloudyTabs-Info.plist"; sourceTree = "<group>"; };
		03977FDC18C3F98A00DC499C /* en */ = {isa = PBXFileReference; lastKnownFileType = text.plist.strings; name = en; path = en.lproj/InfoPlist.strings; sourceTree = "<group>"; };
		03977FDE18C3F98A00DC499C /* main.m */ = {isa = PBXFileReference; fileEncoding = 4; lastKnownFileType = sourcecode.c.objc; path = main.m; sourceTree = "<group>"; };
		03977FE018C3F98A00DC499C /* CloudyTabs-Prefix.pch */ = {isa = PBXFileReference; lastKnownFileType = sourcecode.c.h; path = "CloudyTabs-Prefix.pch"; sourceTree = "<group>"; };
		03977FEA18C3F98A00DC499C /* Images.xcassets */ = {isa = PBXFileReference; lastKnownFileType = folder.assetcatalog; path = Images.xcassets; sourceTree = "<group>"; };
		0397802218C590F700DC499C /* CoreServices.framework */ = {isa = PBXFileReference; lastKnownFileType = wrapper.framework; name = CoreServices.framework; path = System/Library/Frameworks/CoreServices.framework; sourceTree = SDKROOT; };
		039C6E9D1F935BF900C3B3E1 /* README.md */ = {isa = PBXFileReference; lastKnownFileType = net.daringfireball.markdown; path = README.md; sourceTree = "<group>"; };
		039C6E9E1F935BF900C3B3E1 /* VDKQueue.h */ = {isa = PBXFileReference; lastKnownFileType = sourcecode.c.h; path = VDKQueue.h; sourceTree = "<group>"; };
		039C6E9F1F935BF900C3B3E1 /* VDKQueue.m */ = {isa = PBXFileReference; lastKnownFileType = sourcecode.c.objc; path = VDKQueue.m; sourceTree = "<group>"; };
		039C6EA21F935BFC00C3B3E1 /* VDKQueue.h */ = {isa = PBXFileReference; lastKnownFileType = sourcecode.c.h; path = VDKQueue.h; sourceTree = "<group>"; };
		039C6EA31F935BFC00C3B3E1 /* VDKQueue.m */ = {isa = PBXFileReference; lastKnownFileType = sourcecode.c.objc; path = VDKQueue.m; sourceTree = "<group>"; };
		039C6EAA1F935CE900C3B3E1 /* VDKQueue.h */ = {isa = PBXFileReference; lastKnownFileType = sourcecode.c.h; path = VDKQueue.h; sourceTree = "<group>"; };
		039C6EAB1F935CE900C3B3E1 /* VDKQueue.m */ = {isa = PBXFileReference; lastKnownFileType = sourcecode.c.objc; path = VDKQueue.m; sourceTree = "<group>"; };
		7735FBA120BCBA1700F30E6F /* ru */ = {isa = PBXFileReference; lastKnownFileType = text.plist.strings; name = ru; path = ru.lproj/InfoPlist.strings; sourceTree = "<group>"; };
		7735FBA220BCBA1700F30E6F /* ru */ = {isa = PBXFileReference; lastKnownFileType = text.plist.strings; name = ru; path = ru.lproj/Localizable.strings; sourceTree = "<group>"; };
/* End PBXFileReference section */

/* Begin PBXFrameworksBuildPhase section */
		0350635324FB233200E71269 /* Frameworks */ = {
			isa = PBXFrameworksBuildPhase;
			buildActionMask = 2147483647;
			files = (
			);
			runOnlyForDeploymentPostprocessing = 0;
		};
		03648D7F1FA445FA004D3078 /* Frameworks */ = {
			isa = PBXFrameworksBuildPhase;
			buildActionMask = 2147483647;
			files = (
			);
			runOnlyForDeploymentPostprocessing = 0;
		};
		03977FCC18C3F98A00DC499C /* Frameworks */ = {
			isa = PBXFrameworksBuildPhase;
			buildActionMask = 2147483647;
			files = (
				0397802318C590F700DC499C /* CoreServices.framework in Frameworks */,
				0308B338250DE0DC0090D507 /* libz.tbd in Frameworks */,
				03977FD318C3F98A00DC499C /* Cocoa.framework in Frameworks */,
				0308B331250D955C0090D507 /* Sparkle.framework in Frameworks */,
				0350636D24FB29BB00E71269 /* ServiceManagement.framework in Frameworks */,
				0308B32F250D95590090D507 /* FMDB.framework in Frameworks */,
			);
			runOnlyForDeploymentPostprocessing = 0;
		};
/* End PBXFrameworksBuildPhase section */

/* Begin PBXGroup section */
		0308B343250E49240090D507 /* CHCSVParser */ = {
			isa = PBXGroup;
			children = (
				0308B345250E49240090D507 /* CHCSVParser.h */,
				0308B346250E49240090D507 /* CHCSVParser.m */,
			);
			name = CHCSVParser;
			path = CHCSVParser/CHCSVParser/CHCSVParser;
			sourceTree = "<group>";
		};
		03225D5718C6AA7A000778DF /* DSFavIconManager */ = {
			isa = PBXGroup;
			children = (
				039C6E9C1F935BF900C3B3E1 /* VDKQueue */,
				03225D4D18C6AA5A000778DF /* DSFavIconCache.h */,
				03225D4E18C6AA5A000778DF /* DSFavIconCache.m */,
				03225D4F18C6AA5A000778DF /* DSFavIconManager.h */,
				03225D5018C6AA5A000778DF /* DSFavIconManager.m */,
				03225D5118C6AA5A000778DF /* DSFavIconOperation.h */,
				03225D5218C6AA5A000778DF /* DSFavIconOperation.m */,
				03225D5318C6AA5A000778DF /* UINSImage.h */,
			);
			name = DSFavIconManager;
			sourceTree = "<group>";
		};
		03225D5C18C6AB2A000778DF /* Classes */ = {
			isa = PBXGroup;
			children = (
				0308B343250E49240090D507 /* CHCSVParser */,
				039C6EA01F935BFC00C3B3E1 /* VDKQueue */,
				0375993E18C5F967000E8C33 /* JPAppDelegate.h */,
				0375993F18C5F967000E8C33 /* JPAppDelegate.m */,
				0375994018C5F967000E8C33 /* JPLaunchAtLoginManager.h */,
				0375994118C5F967000E8C33 /* JPLaunchAtLoginManager.m */,
				030D99842172BBFD00A9DE75 /* JPReadingListReader.h */,
				030D99832172BBFD00A9DE75 /* JPReadingListReader.m */,
				0350636E24FB360100E71269 /* JPCloudTabsDBReader.h */,
				0350636F24FB360900E71269 /* JPCloudTabsDBReader.m */,
				030D99812172BBAA00A9DE75 /* JPLoadingMenuItem.h */,
				030D99802172BBAA00A9DE75 /* JPLoadingMenuItem.m */,
				03120E50202FE2F300BE3891 /* JPUserDefaultsController.h */,
				03120E51202FE2F300BE3891 /* JPUserDefaultsController.m */,
				0308B349250E49470090D507 /* JPTabCSVExporter.h */,
				0308B34A250E49470090D507 /* JPTabCSVExporter.m */,
				03648D7B1FA4434B004D3078 /* NSURL+Extensions.h */,
				03648D7C1FA4434B004D3078 /* NSURL+Extensions.m */,
				0308B3222504BFC80090D507 /* NSMenuItem+ItemCreation.h */,
				0308B3232504BFC80090D507 /* NSMenuItem+ItemCreation.m */,
				0308B334250DDFD10090D507 /* NSData+ZlibInflate.h */,
				0308B335250DDFD10090D507 /* NSData+ZlibInflate.m */,
			);
			name = Classes;
			sourceTree = "<group>";
		};
		0350635724FB233200E71269 /* CloudyTabsHelper */ = {
			isa = PBXGroup;
			children = (
				0350635824FB233200E71269 /* AppDelegate.h */,
				0350635924FB233300E71269 /* AppDelegate.m */,
				0350636924FB245700E71269 /* NSBundle+ApplicationPath.h */,
				0350636A24FB245700E71269 /* NSBundle+ApplicationPath.m */,
				0350636024FB233500E71269 /* Info.plist */,
				0350636124FB233500E71269 /* main.m */,
				0350636324FB233500E71269 /* CloudyTabsHelper.entitlements */,
			);
			path = CloudyTabsHelper;
			sourceTree = "<group>";
		};
		03648D831FA445FA004D3078 /* CloudyTabsTests */ = {
			isa = PBXGroup;
			children = (
				03648D8C1FA44629004D3078 /* NSURL+DecodeTests.m */,
				03648D841FA445FA004D3078 /* CloudyTabsTests.m */,
				03648D861FA445FA004D3078 /* Info.plist */,
			);
			path = CloudyTabsTests;
			sourceTree = "<group>";
		};
		03977FC618C3F98A00DC499C = {
			isa = PBXGroup;
			children = (
				03977FD818C3F98A00DC499C /* CloudyTabs */,
				03648D831FA445FA004D3078 /* CloudyTabsTests */,
				0350635724FB233200E71269 /* CloudyTabsHelper */,
				03977FD118C3F98A00DC499C /* Frameworks */,
				03977FD018C3F98A00DC499C /* Products */,
			);
			sourceTree = "<group>";
		};
		03977FD018C3F98A00DC499C /* Products */ = {
			isa = PBXGroup;
			children = (
				03977FCF18C3F98A00DC499C /* CloudyTabs.app */,
				03648D821FA445FA004D3078 /* CloudyTabsTests.xctest */,
				0350635624FB233200E71269 /* CloudyTabsHelper.app */,
			);
			name = Products;
			sourceTree = "<group>";
		};
		03977FD118C3F98A00DC499C /* Frameworks */ = {
			isa = PBXGroup;
			children = (
				0308B337250DE0D30090D507 /* libz.tbd */,
				0308B32C250D950B0090D507 /* FMDB.framework */,
				0308B32B250D950B0090D507 /* Sparkle.framework */,
				0350636C24FB29BB00E71269 /* ServiceManagement.framework */,
				03977FD218C3F98A00DC499C /* Cocoa.framework */,
				0397802218C590F700DC499C /* CoreServices.framework */,
				03977FD418C3F98A00DC499C /* Other Frameworks */,
			);
			name = Frameworks;
			sourceTree = "<group>";
		};
		03977FD418C3F98A00DC499C /* Other Frameworks */ = {
			isa = PBXGroup;
			children = (
				03977FD518C3F98A00DC499C /* AppKit.framework */,
				03977FD618C3F98A00DC499C /* CoreData.framework */,
				03977FD718C3F98A00DC499C /* Foundation.framework */,
			);
			name = "Other Frameworks";
			sourceTree = "<group>";
		};
		03977FD818C3F98A00DC499C /* CloudyTabs */ = {
			isa = PBXGroup;
			children = (
				039C6EA81F935CE900C3B3E1 /* VDKQueue */,
				03225D5C18C6AB2A000778DF /* Classes */,
				03225D5718C6AA7A000778DF /* DSFavIconManager */,
				03977FEA18C3F98A00DC499C /* Images.xcassets */,
				03977FD918C3F98A00DC499C /* Supporting Files */,
			);
			path = CloudyTabs;
			sourceTree = "<group>";
		};
		03977FD918C3F98A00DC499C /* Supporting Files */ = {
			isa = PBXGroup;
			children = (
				03977FDA18C3F98A00DC499C /* CloudyTabs-Info.plist */,
				03977FDB18C3F98A00DC499C /* InfoPlist.strings */,
				0308ABD918D676ED00AB4C54 /* Localizable.strings */,
				03977FDE18C3F98A00DC499C /* main.m */,
				03977FE018C3F98A00DC499C /* CloudyTabs-Prefix.pch */,
				03225D5D18C6B18A000778DF /* dsa_pub.pem */,
			);
			name = "Supporting Files";
			sourceTree = "<group>";
		};
		039C6E9C1F935BF900C3B3E1 /* VDKQueue */ = {
			isa = PBXGroup;
			children = (
				039C6E9D1F935BF900C3B3E1 /* README.md */,
				039C6E9E1F935BF900C3B3E1 /* VDKQueue.h */,
				039C6E9F1F935BF900C3B3E1 /* VDKQueue.m */,
			);
			path = VDKQueue;
			sourceTree = "<group>";
		};
		039C6EA01F935BFC00C3B3E1 /* VDKQueue */ = {
			isa = PBXGroup;
			children = (
				039C6EA21F935BFC00C3B3E1 /* VDKQueue.h */,
				039C6EA31F935BFC00C3B3E1 /* VDKQueue.m */,
			);
			path = VDKQueue;
			sourceTree = "<group>";
		};
		039C6EA81F935CE900C3B3E1 /* VDKQueue */ = {
			isa = PBXGroup;
			children = (
				039C6EAA1F935CE900C3B3E1 /* VDKQueue.h */,
				039C6EAB1F935CE900C3B3E1 /* VDKQueue.m */,
			);
			path = VDKQueue;
			sourceTree = "<group>";
		};
/* End PBXGroup section */

/* Begin PBXNativeTarget section */
		0350635524FB233200E71269 /* CloudyTabsHelper */ = {
			isa = PBXNativeTarget;
			buildConfigurationList = 0350636424FB233500E71269 /* Build configuration list for PBXNativeTarget "CloudyTabsHelper" */;
			buildPhases = (
				0350635224FB233200E71269 /* Sources */,
				0350635324FB233200E71269 /* Frameworks */,
				0350635424FB233200E71269 /* Resources */,
			);
			buildRules = (
			);
			dependencies = (
			);
			name = CloudyTabsHelper;
			productName = CloudyTabsHelper;
			productReference = 0350635624FB233200E71269 /* CloudyTabsHelper.app */;
			productType = "com.apple.product-type.application";
		};
		03648D811FA445FA004D3078 /* CloudyTabsTests */ = {
			isa = PBXNativeTarget;
			buildConfigurationList = 03648D891FA445FA004D3078 /* Build configuration list for PBXNativeTarget "CloudyTabsTests" */;
			buildPhases = (
				03648D7E1FA445FA004D3078 /* Sources */,
				03648D7F1FA445FA004D3078 /* Frameworks */,
				03648D801FA445FA004D3078 /* Resources */,
			);
			buildRules = (
			);
			dependencies = (
				03648D881FA445FA004D3078 /* PBXTargetDependency */,
			);
			name = CloudyTabsTests;
			productName = CloudyTabsTests;
			productReference = 03648D821FA445FA004D3078 /* CloudyTabsTests.xctest */;
			productType = "com.apple.product-type.bundle.unit-test";
		};
		03977FCE18C3F98A00DC499C /* CloudyTabs */ = {
			isa = PBXNativeTarget;
			buildConfigurationList = 0397800018C3F98A00DC499C /* Build configuration list for PBXNativeTarget "CloudyTabs" */;
			buildPhases = (
				03977FCB18C3F98A00DC499C /* Sources */,
				03977FCC18C3F98A00DC499C /* Frameworks */,
				03977FCD18C3F98A00DC499C /* Resources */,
				03225D4A18C5FED1000778DF /* CopyFiles */,
				0350636724FB239D00E71269 /* CopyFiles */,
				035B7F9A18DF0B6F00D2D945 /* ShellScript */,
			);
			buildRules = (
			);
			dependencies = (
			);
			name = CloudyTabs;
			productName = CloudyTabs;
			productReference = 03977FCF18C3F98A00DC499C /* CloudyTabs.app */;
			productType = "com.apple.product-type.application";
		};
/* End PBXNativeTarget section */

/* Begin PBXProject section */
		03977FC718C3F98A00DC499C /* Project object */ = {
			isa = PBXProject;
			attributes = {
				CLASSPREFIX = JP;
				LastUpgradeCheck = 1200;
				ORGANIZATIONNAME = "Josh Parnham";
				TargetAttributes = {
					0350635524FB233200E71269 = {
						CreatedOnToolsVersion = 11.6;
						DevelopmentTeam = 3C7269R37R;
						ProvisioningStyle = Automatic;
					};
					03648D811FA445FA004D3078 = {
						CreatedOnToolsVersion = 9.0.1;
						DevelopmentTeam = 3C7269R37R;
						ProvisioningStyle = Automatic;
						TestTargetID = 03977FCE18C3F98A00DC499C;
					};
					03977FCE18C3F98A00DC499C = {
						DevelopmentTeam = 3C7269R37R;
						ProvisioningStyle = Automatic;
					};
				};
			};
			buildConfigurationList = 03977FCA18C3F98A00DC499C /* Build configuration list for PBXProject "CloudyTabs" */;
			compatibilityVersion = "Xcode 3.2";
			developmentRegion = en;
			hasScannedForEncodings = 0;
			knownRegions = (
				en,
				Base,
				fr,
				de,
				nl,
				es,
				ca,
				zh_CN,
				zh_TW,
				it,
				pt_BR,
				ru,
			);
			mainGroup = 03977FC618C3F98A00DC499C;
			productRefGroup = 03977FD018C3F98A00DC499C /* Products */;
			projectDirPath = "";
			projectRoot = "";
			targets = (
				03977FCE18C3F98A00DC499C /* CloudyTabs */,
				0350635524FB233200E71269 /* CloudyTabsHelper */,
				03648D811FA445FA004D3078 /* CloudyTabsTests */,
			);
		};
/* End PBXProject section */

/* Begin PBXResourcesBuildPhase section */
		0350635424FB233200E71269 /* Resources */ = {
			isa = PBXResourcesBuildPhase;
			buildActionMask = 2147483647;
			files = (
			);
			runOnlyForDeploymentPostprocessing = 0;
		};
		03648D801FA445FA004D3078 /* Resources */ = {
			isa = PBXResourcesBuildPhase;
			buildActionMask = 2147483647;
			files = (
			);
			runOnlyForDeploymentPostprocessing = 0;
		};
		03977FCD18C3F98A00DC499C /* Resources */ = {
			isa = PBXResourcesBuildPhase;
			buildActionMask = 2147483647;
			files = (
				03225D5E18C6B18A000778DF /* dsa_pub.pem in Resources */,
				0308ABDB18D676ED00AB4C54 /* Localizable.strings in Resources */,
				03977FDD18C3F98A00DC499C /* InfoPlist.strings in Resources */,
				03977FEB18C3F98A00DC499C /* Images.xcassets in Resources */,
			);
			runOnlyForDeploymentPostprocessing = 0;
		};
/* End PBXResourcesBuildPhase section */

/* Begin PBXShellScriptBuildPhase section */
		035B7F9A18DF0B6F00D2D945 /* ShellScript */ = {
			isa = PBXShellScriptBuildPhase;
			buildActionMask = 2147483647;
			files = (
			);
			inputPaths = (
			);
			outputPaths = (
			);
			runOnlyForDeploymentPostprocessing = 0;
			shellPath = /bin/sh;
			shellScript = "LOCATION=\"${BUILT_PRODUCTS_DIR}\"/\"${FRAMEWORKS_FOLDER_PATH}\"\nIDENTITY=\"Developer ID Application: Josh Parnham (3C7269R37R)\"\n";
		};
/* End PBXShellScriptBuildPhase section */

/* Begin PBXSourcesBuildPhase section */
		0350635224FB233200E71269 /* Sources */ = {
			isa = PBXSourcesBuildPhase;
			buildActionMask = 2147483647;
			files = (
				0350636224FB233500E71269 /* main.m in Sources */,
				0350635A24FB233300E71269 /* AppDelegate.m in Sources */,
				0350636B24FB245700E71269 /* NSBundle+ApplicationPath.m in Sources */,
			);
			runOnlyForDeploymentPostprocessing = 0;
		};
		03648D7E1FA445FA004D3078 /* Sources */ = {
			isa = PBXSourcesBuildPhase;
			buildActionMask = 2147483647;
			files = (
				03648D8D1FA44629004D3078 /* NSURL+DecodeTests.m in Sources */,
				03648D851FA445FA004D3078 /* CloudyTabsTests.m in Sources */,
			);
			runOnlyForDeploymentPostprocessing = 0;
		};
		03977FCB18C3F98A00DC499C /* Sources */ = {
			isa = PBXSourcesBuildPhase;
			buildActionMask = 2147483647;
			files = (
				0350637124FB398600E71269 /* JPCloudTabsDBReader.m in Sources */,
				039C6EAC1F935D2E00C3B3E1 /* VDKQueue.m in Sources */,
				03225D4C18C6A40D000778DF /* JPLaunchAtLoginManager.m in Sources */,
				0308B34B250E49470090D507 /* JPTabCSVExporter.m in Sources */,
				0308B336250DDFD10090D507 /* NSData+ZlibInflate.m in Sources */,
				030D99852172BBFD00A9DE75 /* JPReadingListReader.m in Sources */,
				03225D5518C6AA5A000778DF /* DSFavIconManager.m in Sources */,
				0308B348250E49240090D507 /* CHCSVParser.m in Sources */,
				0308B3242504BFC80090D507 /* NSMenuItem+ItemCreation.m in Sources */,
				03120E52202FE2F300BE3891 /* JPUserDefaultsController.m in Sources */,
				030D99822172BBAB00A9DE75 /* JPLoadingMenuItem.m in Sources */,
				0375994218C5F967000E8C33 /* JPAppDelegate.m in Sources */,
				03648D7D1FA4434B004D3078 /* NSURL+Extensions.m in Sources */,
				03977FDF18C3F98A00DC499C /* main.m in Sources */,
				03225D5418C6AA5A000778DF /* DSFavIconCache.m in Sources */,
				03225D5618C6AA5A000778DF /* DSFavIconOperation.m in Sources */,
			);
			runOnlyForDeploymentPostprocessing = 0;
		};
/* End PBXSourcesBuildPhase section */

/* Begin PBXTargetDependency section */
		03648D881FA445FA004D3078 /* PBXTargetDependency */ = {
			isa = PBXTargetDependency;
			target = 03977FCE18C3F98A00DC499C /* CloudyTabs */;
			targetProxy = 03648D871FA445FA004D3078 /* PBXContainerItemProxy */;
		};
/* End PBXTargetDependency section */

/* Begin PBXVariantGroup section */
		0308ABD918D676ED00AB4C54 /* Localizable.strings */ = {
			isa = PBXVariantGroup;
			children = (
				0308ABDA18D676ED00AB4C54 /* en */,
				0308ABDC18D67A1300AB4C54 /* fr */,
				0319CFB118D67AF70007A9FF /* de */,
				03822D4418DA61D20065F586 /* nl */,
				03822D4618DA62010065F586 /* es */,
				03822D4818DA62400065F586 /* ca */,
				03822D4A18DA62880065F586 /* zh_CN */,
				03822D4C18DA62B90065F586 /* zh_TW */,
				03822D4E18DA873E0065F586 /* it */,
				030F11BB18E3958C00B2DFB0 /* pt_BR */,
				7735FBA220BCBA1700F30E6F /* ru */,
			);
			name = Localizable.strings;
			sourceTree = "<group>";
		};
		03977FDB18C3F98A00DC499C /* InfoPlist.strings */ = {
			isa = PBXVariantGroup;
			children = (
				03977FDC18C3F98A00DC499C /* en */,
				0319CFB218D67B080007A9FF /* fr */,
				0319CFB318D67B110007A9FF /* de */,
				03822D4518DA61D70065F586 /* nl */,
				03822D4718DA62050065F586 /* es */,
				03822D4918DA62440065F586 /* ca */,
				03822D4B18DA62950065F586 /* zh_CN */,
				03822D4D18DA62BD0065F586 /* zh_TW */,
				03822D4F18DA87420065F586 /* it */,
				030F11BC18E3959100B2DFB0 /* pt_BR */,
				7735FBA120BCBA1700F30E6F /* ru */,
			);
			name = InfoPlist.strings;
			sourceTree = "<group>";
		};
/* End PBXVariantGroup section */

/* Begin XCBuildConfiguration section */
		0350636524FB233500E71269 /* Debug */ = {
			isa = XCBuildConfiguration;
			buildSettings = {
				CLANG_ANALYZER_NONNULL = YES;
				CLANG_ANALYZER_NUMBER_OBJECT_CONVERSION = YES_AGGRESSIVE;
				CLANG_CXX_LANGUAGE_STANDARD = "gnu++14";
				CLANG_ENABLE_MODULES = YES;
				CLANG_ENABLE_OBJC_WEAK = YES;
				CLANG_WARN_DOCUMENTATION_COMMENTS = YES;
				CLANG_WARN_UNGUARDED_AVAILABILITY = YES_AGGRESSIVE;
				CODE_SIGN_ENTITLEMENTS = CloudyTabsHelper/CloudyTabsHelper.entitlements;
				CODE_SIGN_IDENTITY = "Apple Development";
				CODE_SIGN_STYLE = Automatic;
				COMBINE_HIDPI_IMAGES = YES;
				CURRENT_PROJECT_VERSION = 1.9.1;
				DEBUG_INFORMATION_FORMAT = dwarf;
				DEVELOPMENT_TEAM = 3C7269R37R;
				ENABLE_HARDENED_RUNTIME = YES;
				GCC_C_LANGUAGE_STANDARD = gnu11;
				GCC_WARN_UNINITIALIZED_AUTOS = YES_AGGRESSIVE;
				INFOPLIST_FILE = CloudyTabsHelper/Info.plist;
				LD_RUNPATH_SEARCH_PATHS = "$(inherited) @executable_path/../Frameworks";
				MACOSX_DEPLOYMENT_TARGET = 10.13.0;
				MARKETING_VERSION = 1.9.1;
				MTL_ENABLE_DEBUG_INFO = INCLUDE_SOURCE;
				MTL_FAST_MATH = YES;
				PRODUCT_BUNDLE_IDENTIFIER = com.joshparnham.CloudyTabsHelper;
				PRODUCT_NAME = "$(TARGET_NAME)";
				SKIP_INSTALL = YES;
			};
			name = Debug;
		};
		0350636624FB233500E71269 /* Release */ = {
			isa = XCBuildConfiguration;
			buildSettings = {
				CLANG_ANALYZER_NONNULL = YES;
				CLANG_ANALYZER_NUMBER_OBJECT_CONVERSION = YES_AGGRESSIVE;
				CLANG_CXX_LANGUAGE_STANDARD = "gnu++14";
				CLANG_ENABLE_MODULES = YES;
				CLANG_ENABLE_OBJC_WEAK = YES;
				CLANG_WARN_DOCUMENTATION_COMMENTS = YES;
				CLANG_WARN_UNGUARDED_AVAILABILITY = YES_AGGRESSIVE;
				CODE_SIGN_ENTITLEMENTS = CloudyTabsHelper/CloudyTabsHelper.entitlements;
				CODE_SIGN_IDENTITY = "Apple Development";
				CODE_SIGN_STYLE = Automatic;
				COMBINE_HIDPI_IMAGES = YES;
				COPY_PHASE_STRIP = NO;
				CURRENT_PROJECT_VERSION = 1.9.1;
				DEVELOPMENT_TEAM = 3C7269R37R;
				ENABLE_HARDENED_RUNTIME = YES;
				GCC_C_LANGUAGE_STANDARD = gnu11;
				GCC_WARN_UNINITIALIZED_AUTOS = YES_AGGRESSIVE;
				INFOPLIST_FILE = CloudyTabsHelper/Info.plist;
				LD_RUNPATH_SEARCH_PATHS = "$(inherited) @executable_path/../Frameworks";
				MACOSX_DEPLOYMENT_TARGET = 10.13.0;
				MARKETING_VERSION = 1.9.1;
				MTL_ENABLE_DEBUG_INFO = NO;
				MTL_FAST_MATH = YES;
				PRODUCT_BUNDLE_IDENTIFIER = com.joshparnham.CloudyTabsHelper;
				PRODUCT_NAME = "$(TARGET_NAME)";
				SKIP_INSTALL = YES;
			};
			name = Release;
		};
		03648D8A1FA445FA004D3078 /* Debug */ = {
			isa = XCBuildConfiguration;
			buildSettings = {
				BUNDLE_LOADER = "$(TEST_HOST)";
				CLANG_ANALYZER_NONNULL = YES;
				CLANG_ANALYZER_NUMBER_OBJECT_CONVERSION = YES_AGGRESSIVE;
				CLANG_CXX_LANGUAGE_STANDARD = "gnu++14";
				CLANG_ENABLE_MODULES = YES;
				CLANG_WARN_DOCUMENTATION_COMMENTS = YES;
				CLANG_WARN_UNGUARDED_AVAILABILITY = YES_AGGRESSIVE;
				CODE_SIGN_IDENTITY = "Mac Developer";
				CODE_SIGN_STYLE = Automatic;
				COMBINE_HIDPI_IMAGES = YES;
				DEBUG_INFORMATION_FORMAT = dwarf;
				DEVELOPMENT_TEAM = 3C7269R37R;
				GCC_C_LANGUAGE_STANDARD = gnu11;
				GCC_WARN_UNINITIALIZED_AUTOS = YES_AGGRESSIVE;
				INFOPLIST_FILE = CloudyTabsTests/Info.plist;
				LD_RUNPATH_SEARCH_PATHS = "$(inherited) @executable_path/../Frameworks @loader_path/../Frameworks";
				MACOSX_DEPLOYMENT_TARGET = 10.12;
				MTL_ENABLE_DEBUG_INFO = YES;
				PRODUCT_BUNDLE_IDENTIFIER = com.joshparnham.CloudyTabsTests;
				PRODUCT_NAME = "$(TARGET_NAME)";
				TEST_HOST = "$(BUILT_PRODUCTS_DIR)/CloudyTabs.app/Contents/MacOS/CloudyTabs";
			};
			name = Debug;
		};
		03648D8B1FA445FA004D3078 /* Release */ = {
			isa = XCBuildConfiguration;
			buildSettings = {
				BUNDLE_LOADER = "$(TEST_HOST)";
				CLANG_ANALYZER_NONNULL = YES;
				CLANG_ANALYZER_NUMBER_OBJECT_CONVERSION = YES_AGGRESSIVE;
				CLANG_CXX_LANGUAGE_STANDARD = "gnu++14";
				CLANG_ENABLE_MODULES = YES;
				CLANG_WARN_DOCUMENTATION_COMMENTS = YES;
				CLANG_WARN_UNGUARDED_AVAILABILITY = YES_AGGRESSIVE;
				CODE_SIGN_IDENTITY = "Mac Developer";
				CODE_SIGN_STYLE = Automatic;
				COMBINE_HIDPI_IMAGES = YES;
				COPY_PHASE_STRIP = NO;
				DEVELOPMENT_TEAM = 3C7269R37R;
				GCC_C_LANGUAGE_STANDARD = gnu11;
				GCC_WARN_UNINITIALIZED_AUTOS = YES_AGGRESSIVE;
				INFOPLIST_FILE = CloudyTabsTests/Info.plist;
				LD_RUNPATH_SEARCH_PATHS = "$(inherited) @executable_path/../Frameworks @loader_path/../Frameworks";
				MACOSX_DEPLOYMENT_TARGET = 10.12;
				MTL_ENABLE_DEBUG_INFO = NO;
				PRODUCT_BUNDLE_IDENTIFIER = com.joshparnham.CloudyTabsTests;
				PRODUCT_NAME = "$(TARGET_NAME)";
				TEST_HOST = "$(BUILT_PRODUCTS_DIR)/CloudyTabs.app/Contents/MacOS/CloudyTabs";
			};
			name = Release;
		};
		03977FFE18C3F98A00DC499C /* Debug */ = {
			isa = XCBuildConfiguration;
			buildSettings = {
				ALWAYS_SEARCH_USER_PATHS = NO;
				CLANG_ANALYZER_LOCALIZABILITY_NONLOCALIZED = YES;
				CLANG_CXX_LANGUAGE_STANDARD = "gnu++0x";
				CLANG_CXX_LIBRARY = "libc++";
				CLANG_ENABLE_OBJC_ARC = YES;
				CLANG_WARN_BLOCK_CAPTURE_AUTORELEASING = YES;
				CLANG_WARN_BOOL_CONVERSION = YES;
				CLANG_WARN_COMMA = YES;
				CLANG_WARN_CONSTANT_CONVERSION = YES;
				CLANG_WARN_DEPRECATED_OBJC_IMPLEMENTATIONS = YES;
				CLANG_WARN_DIRECT_OBJC_ISA_USAGE = YES_ERROR;
				CLANG_WARN_EMPTY_BODY = YES;
				CLANG_WARN_ENUM_CONVERSION = YES;
				CLANG_WARN_INFINITE_RECURSION = YES;
				CLANG_WARN_INT_CONVERSION = YES;
				CLANG_WARN_NON_LITERAL_NULL_CONVERSION = YES;
				CLANG_WARN_OBJC_IMPLICIT_RETAIN_SELF = YES;
				CLANG_WARN_OBJC_LITERAL_CONVERSION = YES;
				CLANG_WARN_OBJC_ROOT_CLASS = YES_ERROR;
				CLANG_WARN_QUOTED_INCLUDE_IN_FRAMEWORK_HEADER = YES;
				CLANG_WARN_RANGE_LOOP_ANALYSIS = YES;
				CLANG_WARN_STRICT_PROTOTYPES = YES;
				CLANG_WARN_SUSPICIOUS_MOVE = YES;
				CLANG_WARN_UNREACHABLE_CODE = YES;
				CLANG_WARN__DUPLICATE_METHOD_MATCH = YES;
				COPY_PHASE_STRIP = NO;
				ENABLE_STRICT_OBJC_MSGSEND = YES;
				ENABLE_TESTABILITY = YES;
				GCC_C_LANGUAGE_STANDARD = gnu99;
				GCC_DYNAMIC_NO_PIC = NO;
				GCC_ENABLE_OBJC_EXCEPTIONS = YES;
				GCC_NO_COMMON_BLOCKS = YES;
				GCC_OPTIMIZATION_LEVEL = 0;
				GCC_PREPROCESSOR_DEFINITIONS = (
					"DEBUG=1",
					"$(inherited)",
				);
				GCC_SYMBOLS_PRIVATE_EXTERN = NO;
				GCC_WARN_64_TO_32_BIT_CONVERSION = YES;
				GCC_WARN_ABOUT_RETURN_TYPE = YES_ERROR;
				GCC_WARN_UNDECLARED_SELECTOR = YES;
				GCC_WARN_UNINITIALIZED_AUTOS = YES;
				GCC_WARN_UNUSED_FUNCTION = YES;
				GCC_WARN_UNUSED_VARIABLE = YES;
				MACOSX_DEPLOYMENT_TARGET = 10.13.0;
				ONLY_ACTIVE_ARCH = YES;
				SDKROOT = macosx;
			};
			name = Debug;
		};
		03977FFF18C3F98A00DC499C /* Release */ = {
			isa = XCBuildConfiguration;
			buildSettings = {
				ALWAYS_SEARCH_USER_PATHS = NO;
				CLANG_ANALYZER_LOCALIZABILITY_NONLOCALIZED = YES;
				CLANG_CXX_LANGUAGE_STANDARD = "gnu++0x";
				CLANG_CXX_LIBRARY = "libc++";
				CLANG_ENABLE_OBJC_ARC = YES;
				CLANG_WARN_BLOCK_CAPTURE_AUTORELEASING = YES;
				CLANG_WARN_BOOL_CONVERSION = YES;
				CLANG_WARN_COMMA = YES;
				CLANG_WARN_CONSTANT_CONVERSION = YES;
				CLANG_WARN_DEPRECATED_OBJC_IMPLEMENTATIONS = YES;
				CLANG_WARN_DIRECT_OBJC_ISA_USAGE = YES_ERROR;
				CLANG_WARN_EMPTY_BODY = YES;
				CLANG_WARN_ENUM_CONVERSION = YES;
				CLANG_WARN_INFINITE_RECURSION = YES;
				CLANG_WARN_INT_CONVERSION = YES;
				CLANG_WARN_NON_LITERAL_NULL_CONVERSION = YES;
				CLANG_WARN_OBJC_IMPLICIT_RETAIN_SELF = YES;
				CLANG_WARN_OBJC_LITERAL_CONVERSION = YES;
				CLANG_WARN_OBJC_ROOT_CLASS = YES_ERROR;
				CLANG_WARN_QUOTED_INCLUDE_IN_FRAMEWORK_HEADER = YES;
				CLANG_WARN_RANGE_LOOP_ANALYSIS = YES;
				CLANG_WARN_STRICT_PROTOTYPES = YES;
				CLANG_WARN_SUSPICIOUS_MOVE = YES;
				CLANG_WARN_UNREACHABLE_CODE = YES;
				CLANG_WARN__DUPLICATE_METHOD_MATCH = YES;
				COPY_PHASE_STRIP = YES;
				DEBUG_INFORMATION_FORMAT = "dwarf-with-dsym";
				ENABLE_NS_ASSERTIONS = NO;
				ENABLE_STRICT_OBJC_MSGSEND = YES;
				GCC_C_LANGUAGE_STANDARD = gnu99;
				GCC_ENABLE_OBJC_EXCEPTIONS = YES;
				GCC_NO_COMMON_BLOCKS = YES;
				GCC_WARN_64_TO_32_BIT_CONVERSION = YES;
				GCC_WARN_ABOUT_RETURN_TYPE = YES_ERROR;
				GCC_WARN_UNDECLARED_SELECTOR = YES;
				GCC_WARN_UNINITIALIZED_AUTOS = YES;
				GCC_WARN_UNUSED_FUNCTION = YES;
				GCC_WARN_UNUSED_VARIABLE = YES;
				MACOSX_DEPLOYMENT_TARGET = 10.13.0;
				SDKROOT = macosx;
			};
			name = Release;
		};
		0397800118C3F98A00DC499C /* Debug */ = {
			isa = XCBuildConfiguration;
			buildSettings = {
				ASSETCATALOG_COMPILER_APPICON_NAME = AppIcon;
				CLANG_WARN_QUOTED_INCLUDE_IN_FRAMEWORK_HEADER = NO;
				CODE_SIGN_IDENTITY = "Mac Developer";
				COMBINE_HIDPI_IMAGES = YES;
				DEVELOPMENT_TEAM = 3C7269R37R;
				ENABLE_HARDENED_RUNTIME = YES;
				FRAMEWORK_SEARCH_PATHS = (
					"$(PROJECT_DIR)/CloudyTabs",
					"$(PROJECT_DIR)/Carthage/Build/Mac",
				);
				GCC_PRECOMPILE_PREFIX_HEADER = YES;
				GCC_PREFIX_HEADER = "CloudyTabs/CloudyTabs-Prefix.pch";
				INFOPLIST_FILE = "CloudyTabs/CloudyTabs-Info.plist";
				LD_RUNPATH_SEARCH_PATHS = "$(inherited) @executable_path/../Frameworks";
				MACOSX_DEPLOYMENT_TARGET = 10.13.0;
				PRODUCT_BUNDLE_IDENTIFIER = "com.joshparnham.${PRODUCT_NAME:rfc1034identifier}";
				PRODUCT_NAME = CloudyTabs;
				WRAPPER_EXTENSION = app;
			};
			name = Debug;
		};
		0397800218C3F98A00DC499C /* Release */ = {
			isa = XCBuildConfiguration;
			buildSettings = {
				ASSETCATALOG_COMPILER_APPICON_NAME = AppIcon;
				CLANG_WARN_QUOTED_INCLUDE_IN_FRAMEWORK_HEADER = NO;
				CODE_SIGN_IDENTITY = "Mac Developer";
				COMBINE_HIDPI_IMAGES = YES;
				DEVELOPMENT_TEAM = 3C7269R37R;
				ENABLE_HARDENED_RUNTIME = YES;
				FRAMEWORK_SEARCH_PATHS = (
					"$(PROJECT_DIR)/CloudyTabs",
					"$(PROJECT_DIR)/Carthage/Build/Mac",
				);
				GCC_PRECOMPILE_PREFIX_HEADER = YES;
				GCC_PREFIX_HEADER = "CloudyTabs/CloudyTabs-Prefix.pch";
				INFOPLIST_FILE = "CloudyTabs/CloudyTabs-Info.plist";
				LD_RUNPATH_SEARCH_PATHS = "$(inherited) @executable_path/../Frameworks";
				MACOSX_DEPLOYMENT_TARGET = 10.13.0;
				PRODUCT_BUNDLE_IDENTIFIER = "com.joshparnham.${PRODUCT_NAME:rfc1034identifier}";
				PRODUCT_NAME = CloudyTabs;
				WRAPPER_EXTENSION = app;
			};
			name = Release;
		};
/* End XCBuildConfiguration section */

/* Begin XCConfigurationList section */
		0350636424FB233500E71269 /* Build configuration list for PBXNativeTarget "CloudyTabsHelper" */ = {
			isa = XCConfigurationList;
			buildConfigurations = (
				0350636524FB233500E71269 /* Debug */,
				0350636624FB233500E71269 /* Release */,
			);
			defaultConfigurationIsVisible = 0;
			defaultConfigurationName = Release;
		};
		03648D891FA445FA004D3078 /* Build configuration list for PBXNativeTarget "CloudyTabsTests" */ = {
			isa = XCConfigurationList;
			buildConfigurations = (
				03648D8A1FA445FA004D3078 /* Debug */,
				03648D8B1FA445FA004D3078 /* Release */,
			);
			defaultConfigurationIsVisible = 0;
			defaultConfigurationName = Release;
		};
		03977FCA18C3F98A00DC499C /* Build configuration list for PBXProject "CloudyTabs" */ = {
			isa = XCConfigurationList;
			buildConfigurations = (
				03977FFE18C3F98A00DC499C /* Debug */,
				03977FFF18C3F98A00DC499C /* Release */,
			);
			defaultConfigurationIsVisible = 0;
			defaultConfigurationName = Release;
		};
		0397800018C3F98A00DC499C /* Build configuration list for PBXNativeTarget "CloudyTabs" */ = {
			isa = XCConfigurationList;
			buildConfigurations = (
				0397800118C3F98A00DC499C /* Debug */,
				0397800218C3F98A00DC499C /* Release */,
			);
			defaultConfigurationIsVisible = 0;
			defaultConfigurationName = Release;
		};
/* End XCConfigurationList section */
	};
	rootObject = 03977FC718C3F98A00DC499C /* Project object */;
}
